
Microsoft Visual Studio Solution File, Format Version 12.00
# Visual Studio Version 17
VisualStudioVersion = 17.8.34330.188
MinimumVisualStudioVersion = 10.0.40219.1
Project("{888888A0-9F3D-457C-B088-3A5042F75D52}") = "Movie Guide Part 1", "Movie Guide Part 1.pyproj", "{8751C2A6-27ED-4971-9788-1E0E250A992B}"
EndProject
Global
	GlobalSection(SolutionConfigurationPlatforms) = preSolution
		Debug|Any CPU = Debug|Any CPU
		Release|Any CPU = Release|Any CPU
	EndGlobalSection
	GlobalSection(ProjectConfigurationPlatforms) = postSolution
		{8751C2A6-27ED-4971-9788-1E0E250A992B}.Debug|Any CPU.ActiveCfg = Debug|Any CPU
		{8751C2A6-27ED-4971-9788-1E0E250A992B}.Release|Any CPU.ActiveCfg = Release|Any CPU
	EndGlobalSection
	GlobalSection(SolutionProperties) = preSolution
		HideSolutionNode = FALSE
	EndGlobalSection
	GlobalSection(ExtensibilityGlobals) = postSolution
		SolutionGuid = {03FB61AC-0466-4CC4-9C01-4B3D9F14581C}
	EndGlobalSection
EndGlobal
